// !$*UTF8*$!
{
	archiveVersion = 1;
	classes = {
	};
	objectVersion = 51;
	objects = {

/* Begin PBXBuildFile section */
		06C4AD03244FA78700CED7CA /* DJViewController.swift in Sources */ = {isa = PBXBuildFile; fileRef = 06C4AD02244FA78700CED7CA /* DJViewController.swift */; };
		06C4AD05244FAC0D00CED7CA /* UserViewController.swift in Sources */ = {isa = PBXBuildFile; fileRef = 06C4AD04244FAC0D00CED7CA /* UserViewController.swift */; };
		303F63154D71CE4B5C3EC3BA /* Pods_DJAZE.framework in Frameworks */ = {isa = PBXBuildFile; fileRef = 7F651BBE8877E05C6B8B9DB9 /* Pods_DJAZE.framework */; };
		4D2A0548244FAF3B00638A16 /* GoogleService-Info.plist in Resources */ = {isa = PBXBuildFile; fileRef = 4D2A0547244FAF3A00638A16 /* GoogleService-Info.plist */; };
		C23AA83A244F35F30006B1A2 /* UIImageView+Download.swift in Sources */ = {isa = PBXBuildFile; fileRef = C23AA839244F35F30006B1A2 /* UIImageView+Download.swift */; };
		C275E635244F349600CB4AB4 /* AppDelegate.swift in Sources */ = {isa = PBXBuildFile; fileRef = C275E634244F349600CB4AB4 /* AppDelegate.swift */; };
		C275E637244F349600CB4AB4 /* SceneDelegate.swift in Sources */ = {isa = PBXBuildFile; fileRef = C275E636244F349600CB4AB4 /* SceneDelegate.swift */; };
		C275E639244F349600CB4AB4 /* ViewController.swift in Sources */ = {isa = PBXBuildFile; fileRef = C275E638244F349600CB4AB4 /* ViewController.swift */; };
		C275E63C244F349600CB4AB4 /* Main.storyboard in Resources */ = {isa = PBXBuildFile; fileRef = C275E63A244F349600CB4AB4 /* Main.storyboard */; };
		C275E63E244F349700CB4AB4 /* Assets.xcassets in Resources */ = {isa = PBXBuildFile; fileRef = C275E63D244F349700CB4AB4 /* Assets.xcassets */; };
		C275E641244F349700CB4AB4 /* LaunchScreen.storyboard in Resources */ = {isa = PBXBuildFile; fileRef = C275E63F244F349700CB4AB4 /* LaunchScreen.storyboard */; };
/* End PBXBuildFile section */

/* Begin PBXFileReference section */
		06C4AD02244FA78700CED7CA /* DJViewController.swift */ = {isa = PBXFileReference; lastKnownFileType = sourcecode.swift; path = DJViewController.swift; sourceTree = "<group>"; };
		06C4AD04244FAC0D00CED7CA /* UserViewController.swift */ = {isa = PBXFileReference; lastKnownFileType = sourcecode.swift; path = UserViewController.swift; sourceTree = "<group>"; };
		0B8B8486DF94C83982A4270E /* Pods-DJAZE.debug.xcconfig */ = {isa = PBXFileReference; includeInIndex = 1; lastKnownFileType = text.xcconfig; name = "Pods-DJAZE.debug.xcconfig"; path = "Target Support Files/Pods-DJAZE/Pods-DJAZE.debug.xcconfig"; sourceTree = "<group>"; };
		4D2A0547244FAF3A00638A16 /* GoogleService-Info.plist */ = {isa = PBXFileReference; fileEncoding = 4; lastKnownFileType = text.plist.xml; name = "GoogleService-Info.plist"; path = "../../../GoogleService-Info.plist"; sourceTree = "<group>"; };
		5BBDCAA1D54B1C14EF2A5602 /* Pods-DJAZE.release.xcconfig */ = {isa = PBXFileReference; includeInIndex = 1; lastKnownFileType = text.xcconfig; name = "Pods-DJAZE.release.xcconfig"; path = "Target Support Files/Pods-DJAZE/Pods-DJAZE.release.xcconfig"; sourceTree = "<group>"; };
		7F651BBE8877E05C6B8B9DB9 /* Pods_DJAZE.framework */ = {isa = PBXFileReference; explicitFileType = wrapper.framework; includeInIndex = 0; path = Pods_DJAZE.framework; sourceTree = BUILT_PRODUCTS_DIR; };
		C23AA839244F35F30006B1A2 /* UIImageView+Download.swift */ = {isa = PBXFileReference; lastKnownFileType = sourcecode.swift; path = "UIImageView+Download.swift"; sourceTree = "<group>"; };
		C275E631244F349600CB4AB4 /* DJAZE.app */ = {isa = PBXFileReference; explicitFileType = wrapper.application; includeInIndex = 0; path = DJAZE.app; sourceTree = BUILT_PRODUCTS_DIR; };
		C275E634244F349600CB4AB4 /* AppDelegate.swift */ = {isa = PBXFileReference; lastKnownFileType = sourcecode.swift; path = AppDelegate.swift; sourceTree = "<group>"; };
		C275E636244F349600CB4AB4 /* SceneDelegate.swift */ = {isa = PBXFileReference; lastKnownFileType = sourcecode.swift; path = SceneDelegate.swift; sourceTree = "<group>"; };
		C275E638244F349600CB4AB4 /* ViewController.swift */ = {isa = PBXFileReference; lastKnownFileType = sourcecode.swift; path = ViewController.swift; sourceTree = "<group>"; };
		C275E63B244F349600CB4AB4 /* Base */ = {isa = PBXFileReference; lastKnownFileType = file.storyboard; name = Base; path = Base.lproj/Main.storyboard; sourceTree = "<group>"; };
		C275E63D244F349700CB4AB4 /* Assets.xcassets */ = {isa = PBXFileReference; lastKnownFileType = folder.assetcatalog; path = Assets.xcassets; sourceTree = "<group>"; };
		C275E640244F349700CB4AB4 /* Base */ = {isa = PBXFileReference; lastKnownFileType = file.storyboard; name = Base; path = Base.lproj/LaunchScreen.storyboard; sourceTree = "<group>"; };
		C275E642244F349700CB4AB4 /* Info.plist */ = {isa = PBXFileReference; lastKnownFileType = text.plist.xml; path = Info.plist; sourceTree = "<group>"; };
/* End PBXFileReference section */

/* Begin PBXFrameworksBuildPhase section */
		C275E62E244F349600CB4AB4 /* Frameworks */ = {
			isa = PBXFrameworksBuildPhase;
			buildActionMask = 2147483647;
			files = (
				303F63154D71CE4B5C3EC3BA /* Pods_DJAZE.framework in Frameworks */,
			);
			runOnlyForDeploymentPostprocessing = 0;
		};
/* End PBXFrameworksBuildPhase section */

/* Begin PBXGroup section */
		900FCFD7DCA7C47F5CEE32A7 /* Frameworks */ = {
			isa = PBXGroup;
			children = (
				7F651BBE8877E05C6B8B9DB9 /* Pods_DJAZE.framework */,
			);
			name = Frameworks;
			sourceTree = "<group>";
		};
		BE1BFD5B4AE88E6B909ABD80 /* Pods */ = {
			isa = PBXGroup;
			children = (
				0B8B8486DF94C83982A4270E /* Pods-DJAZE.debug.xcconfig */,
				5BBDCAA1D54B1C14EF2A5602 /* Pods-DJAZE.release.xcconfig */,
			);
			path = Pods;
			sourceTree = "<group>";
		};
		C275E628244F349600CB4AB4 = {
			isa = PBXGroup;
			children = (
				C275E633244F349600CB4AB4 /* DJAZE */,
				C275E632244F349600CB4AB4 /* Products */,
				BE1BFD5B4AE88E6B909ABD80 /* Pods */,
				900FCFD7DCA7C47F5CEE32A7 /* Frameworks */,
			);
			sourceTree = "<group>";
		};
		C275E632244F349600CB4AB4 /* Products */ = {
			isa = PBXGroup;
			children = (
				C275E631244F349600CB4AB4 /* DJAZE.app */,
			);
			name = Products;
			sourceTree = "<group>";
		};
		C275E633244F349600CB4AB4 /* DJAZE */ = {
			isa = PBXGroup;
			children = (
				C275E634244F349600CB4AB4 /* AppDelegate.swift */,
				C275E636244F349600CB4AB4 /* SceneDelegate.swift */,
				C275E638244F349600CB4AB4 /* ViewController.swift */,
				C23AA839244F35F30006B1A2 /* UIImageView+Download.swift */,
				C275E63A244F349600CB4AB4 /* Main.storyboard */,
				06C4AD02244FA78700CED7CA /* DJViewController.swift */,
				4D2A0547244FAF3A00638A16 /* GoogleService-Info.plist */,
				06C4AD04244FAC0D00CED7CA /* UserViewController.swift */,
				C275E63D244F349700CB4AB4 /* Assets.xcassets */,
				C275E63F244F349700CB4AB4 /* LaunchScreen.storyboard */,
				C275E642244F349700CB4AB4 /* Info.plist */,
			);
			path = DJAZE;
			sourceTree = "<group>";
		};
/* End PBXGroup section */

/* Begin PBXNativeTarget section */
		C275E630244F349600CB4AB4 /* DJAZE */ = {
			isa = PBXNativeTarget;
			buildConfigurationList = C275E645244F349700CB4AB4 /* Build configuration list for PBXNativeTarget "DJAZE" */;
			buildPhases = (
				F9C0BEF2C78B355D133955AD /* [CP] Check Pods Manifest.lock */,
				C275E62D244F349600CB4AB4 /* Sources */,
				C275E62E244F349600CB4AB4 /* Frameworks */,
				C275E62F244F349600CB4AB4 /* Resources */,
				B63DA38C3044125EF14FF21C /* [CP] Embed Pods Frameworks */,
			);
			buildRules = (
			);
			dependencies = (
			);
			name = DJAZE;
			productName = DJAZE;
			productReference = C275E631244F349600CB4AB4 /* DJAZE.app */;
			productType = "com.apple.product-type.application";
		};
/* End PBXNativeTarget section */

/* Begin PBXProject section */
		C275E629244F349600CB4AB4 /* Project object */ = {
			isa = PBXProject;
			attributes = {
				LastSwiftUpdateCheck = 1130;
				LastUpgradeCheck = 1130;
				ORGANIZATIONNAME = DJAZE;
				TargetAttributes = {
					C275E630244F349600CB4AB4 = {
						CreatedOnToolsVersion = 11.3.1;
					};
				};
			};
			buildConfigurationList = C275E62C244F349600CB4AB4 /* Build configuration list for PBXProject "DJAZE" */;
			compatibilityVersion = "Xcode 9.3";
			developmentRegion = en;
			hasScannedForEncodings = 0;
			knownRegions = (
				en,
				Base,
			);
			mainGroup = C275E628244F349600CB4AB4;
			productRefGroup = C275E632244F349600CB4AB4 /* Products */;
			projectDirPath = "";
			projectRoot = "";
			targets = (
				C275E630244F349600CB4AB4 /* DJAZE */,
			);
		};
/* End PBXProject section */

/* Begin PBXResourcesBuildPhase section */
		C275E62F244F349600CB4AB4 /* Resources */ = {
			isa = PBXResourcesBuildPhase;
			buildActionMask = 2147483647;
			files = (
				C275E641244F349700CB4AB4 /* LaunchScreen.storyboard in Resources */,
				4D2A0548244FAF3B00638A16 /* GoogleService-Info.plist in Resources */,
				C275E63E244F349700CB4AB4 /* Assets.xcassets in Resources */,
				C275E63C244F349600CB4AB4 /* Main.storyboard in Resources */,
			);
			runOnlyForDeploymentPostprocessing = 0;
		};
/* End PBXResourcesBuildPhase section */

/* Begin PBXShellScriptBuildPhase section */
		B63DA38C3044125EF14FF21C /* [CP] Embed Pods Frameworks */ = {
			isa = PBXShellScriptBuildPhase;
			buildActionMask = 2147483647;
			files = (
			);
			inputFileListPaths = (
				"${PODS_ROOT}/Target Support Files/Pods-DJAZE/Pods-DJAZE-frameworks-${CONFIGURATION}-input-files.xcfilelist",
			);
			name = "[CP] Embed Pods Frameworks";
			outputFileListPaths = (
				"${PODS_ROOT}/Target Support Files/Pods-DJAZE/Pods-DJAZE-frameworks-${CONFIGURATION}-output-files.xcfilelist",
			);
			runOnlyForDeploymentPostprocessing = 0;
			shellPath = /bin/sh;
			shellScript = "\"${PODS_ROOT}/Target Support Files/Pods-DJAZE/Pods-DJAZE-frameworks.sh\"\n";
			showEnvVarsInLog = 0;
		};
		F9C0BEF2C78B355D133955AD /* [CP] Check Pods Manifest.lock */ = {
			isa = PBXShellScriptBuildPhase;
			buildActionMask = 2147483647;
			files = (
			);
			inputFileListPaths = (
			);
			inputPaths = (
				"${PODS_PODFILE_DIR_PATH}/Podfile.lock",
				"${PODS_ROOT}/Manifest.lock",
			);
			name = "[CP] Check Pods Manifest.lock";
			outputFileListPaths = (
			);
			outputPaths = (
				"$(DERIVED_FILE_DIR)/Pods-DJAZE-checkManifestLockResult.txt",
			);
			runOnlyForDeploymentPostprocessing = 0;
			shellPath = /bin/sh;
			shellScript = "diff \"${PODS_PODFILE_DIR_PATH}/Podfile.lock\" \"${PODS_ROOT}/Manifest.lock\" > /dev/null\nif [ $? != 0 ] ; then\n    # print error to STDERR\n    echo \"error: The sandbox is not in sync with the Podfile.lock. Run 'pod install' or update your CocoaPods installation.\" >&2\n    exit 1\nfi\n# This output is used by Xcode 'outputs' to avoid re-running this script phase.\necho \"SUCCESS\" > \"${SCRIPT_OUTPUT_FILE_0}\"\n";
			showEnvVarsInLog = 0;
		};
/* End PBXShellScriptBuildPhase section */

/* Begin PBXSourcesBuildPhase section */
		C275E62D244F349600CB4AB4 /* Sources */ = {
			isa = PBXSourcesBuildPhase;
			buildActionMask = 2147483647;
			files = (
				C23AA83A244F35F30006B1A2 /* UIImageView+Download.swift in Sources */,
				06C4AD05244FAC0D00CED7CA /* UserViewController.swift in Sources */,
				C275E639244F349600CB4AB4 /* ViewController.swift in Sources */,
				C275E635244F349600CB4AB4 /* AppDelegate.swift in Sources */,
				06C4AD03244FA78700CED7CA /* DJViewController.swift in Sources */,
				C275E637244F349600CB4AB4 /* SceneDelegate.swift in Sources */,
			);
			runOnlyForDeploymentPostprocessing = 0;
		};
/* End PBXSourcesBuildPhase section */

/* Begin PBXVariantGroup section */
		C275E63A244F349600CB4AB4 /* Main.storyboard */ = {
			isa = PBXVariantGroup;
			children = (
				C275E63B244F349600CB4AB4 /* Base */,
			);
			name = Main.storyboard;
			sourceTree = "<group>";
		};
		C275E63F244F349700CB4AB4 /* LaunchScreen.storyboard */ = {
			isa = PBXVariantGroup;
			children = (
				C275E640244F349700CB4AB4 /* Base */,
			);
			name = LaunchScreen.storyboard;
			sourceTree = "<group>";
		};
/* End PBXVariantGroup section */

/* Begin XCBuildConfiguration section */
		C275E643244F349700CB4AB4 /* Debug */ = {
			isa = XCBuildConfiguration;
			buildSettings = {
				ALWAYS_SEARCH_USER_PATHS = NO;
				CLANG_ANALYZER_NONNULL = YES;
				CLANG_ANALYZER_NUMBER_OBJECT_CONVERSION = YES_AGGRESSIVE;
				CLANG_CXX_LANGUAGE_STANDARD = "gnu++14";
				CLANG_CXX_LIBRARY = "libc++";
				CLANG_ENABLE_MODULES = YES;
				CLANG_ENABLE_OBJC_ARC = YES;
				CLANG_ENABLE_OBJC_WEAK = YES;
				CLANG_WARN_BLOCK_CAPTURE_AUTORELEASING = YES;
				CLANG_WARN_BOOL_CONVERSION = YES;
				CLANG_WARN_COMMA = YES;
				CLANG_WARN_CONSTANT_CONVERSION = YES;
				CLANG_WARN_DEPRECATED_OBJC_IMPLEMENTATIONS = YES;
				CLANG_WARN_DIRECT_OBJC_ISA_USAGE = YES_ERROR;
				CLANG_WARN_DOCUMENTATION_COMMENTS = YES;
				CLANG_WARN_EMPTY_BODY = YES;
				CLANG_WARN_ENUM_CONVERSION = YES;
				CLANG_WARN_INFINITE_RECURSION = YES;
				CLANG_WARN_INT_CONVERSION = YES;
				CLANG_WARN_NON_LITERAL_NULL_CONVERSION = YES;
				CLANG_WARN_OBJC_IMPLICIT_RETAIN_SELF = YES;
				CLANG_WARN_OBJC_LITERAL_CONVERSION = YES;
				CLANG_WARN_OBJC_ROOT_CLASS = YES_ERROR;
				CLANG_WARN_RANGE_LOOP_ANALYSIS = YES;
				CLANG_WARN_STRICT_PROTOTYPES = YES;
				CLANG_WARN_SUSPICIOUS_MOVE = YES;
				CLANG_WARN_UNGUARDED_AVAILABILITY = YES_AGGRESSIVE;
				CLANG_WARN_UNREACHABLE_CODE = YES;
				CLANG_WARN__DUPLICATE_METHOD_MATCH = YES;
				COPY_PHASE_STRIP = NO;
				DEBUG_INFORMATION_FORMAT = dwarf;
				ENABLE_STRICT_OBJC_MSGSEND = YES;
				ENABLE_TESTABILITY = YES;
				GCC_C_LANGUAGE_STANDARD = gnu11;
				GCC_DYNAMIC_NO_PIC = NO;
				GCC_NO_COMMON_BLOCKS = YES;
				GCC_OPTIMIZATION_LEVEL = 0;
				GCC_PREPROCESSOR_DEFINITIONS = (
					"DEBUG=1",
					"$(inherited)",
				);
				GCC_WARN_64_TO_32_BIT_CONVERSION = YES;
				GCC_WARN_ABOUT_RETURN_TYPE = YES_ERROR;
				GCC_WARN_UNDECLARED_SELECTOR = YES;
				GCC_WARN_UNINITIALIZED_AUTOS = YES_AGGRESSIVE;
				GCC_WARN_UNUSED_FUNCTION = YES;
				GCC_WARN_UNUSED_VARIABLE = YES;
				IPHONEOS_DEPLOYMENT_TARGET = 13.2;
				MTL_ENABLE_DEBUG_INFO = INCLUDE_SOURCE;
				MTL_FAST_MATH = YES;
				ONLY_ACTIVE_ARCH = YES;
				SDKROOT = iphoneos;
				SWIFT_ACTIVE_COMPILATION_CONDITIONS = DEBUG;
				SWIFT_OPTIMIZATION_LEVEL = "-Onone";
			};
			name = Debug;
		};
		C275E644244F349700CB4AB4 /* Release */ = {
			isa = XCBuildConfiguration;
			buildSettings = {
				ALWAYS_SEARCH_USER_PATHS = NO;
				CLANG_ANALYZER_NONNULL = YES;
				CLANG_ANALYZER_NUMBER_OBJECT_CONVERSION = YES_AGGRESSIVE;
				CLANG_CXX_LANGUAGE_STANDARD = "gnu++14";
				CLANG_CXX_LIBRARY = "libc++";
				CLANG_ENABLE_MODULES = YES;
				CLANG_ENABLE_OBJC_ARC = YES;
				CLANG_ENABLE_OBJC_WEAK = YES;
				CLANG_WARN_BLOCK_CAPTURE_AUTORELEASING = YES;
				CLANG_WARN_BOOL_CONVERSION = YES;
				CLANG_WARN_COMMA = YES;
				CLANG_WARN_CONSTANT_CONVERSION = YES;
				CLANG_WARN_DEPRECATED_OBJC_IMPLEMENTATIONS = YES;
				CLANG_WARN_DIRECT_OBJC_ISA_USAGE = YES_ERROR;
				CLANG_WARN_DOCUMENTATION_COMMENTS = YES;
				CLANG_WARN_EMPTY_BODY = YES;
				CLANG_WARN_ENUM_CONVERSION = YES;
				CLANG_WARN_INFINITE_RECURSION = YES;
				CLANG_WARN_INT_CONVERSION = YES;
				CLANG_WARN_NON_LITERAL_NULL_CONVERSION = YES;
				CLANG_WARN_OBJC_IMPLICIT_RETAIN_SELF = YES;
				CLANG_WARN_OBJC_LITERAL_CONVERSION = YES;
				CLANG_WARN_OBJC_ROOT_CLASS = YES_ERROR;
				CLANG_WARN_RANGE_LOOP_ANALYSIS = YES;
				CLANG_WARN_STRICT_PROTOTYPES = YES;
				CLANG_WARN_SUSPICIOUS_MOVE = YES;
				CLANG_WARN_UNGUARDED_AVAILABILITY = YES_AGGRESSIVE;
				CLANG_WARN_UNREACHABLE_CODE = YES;
				CLANG_WARN__DUPLICATE_METHOD_MATCH = YES;
				COPY_PHASE_STRIP = NO;
				DEBUG_INFORMATION_FORMAT = "dwarf-with-dsym";
				ENABLE_NS_ASSERTIONS = NO;
				ENABLE_STRICT_OBJC_MSGSEND = YES;
				GCC_C_LANGUAGE_STANDARD = gnu11;
				GCC_NO_COMMON_BLOCKS = YES;
				GCC_WARN_64_TO_32_BIT_CONVERSION = YES;
				GCC_WARN_ABOUT_RETURN_TYPE = YES_ERROR;
				GCC_WARN_UNDECLARED_SELECTOR = YES;
				GCC_WARN_UNINITIALIZED_AUTOS = YES_AGGRESSIVE;
				GCC_WARN_UNUSED_FUNCTION = YES;
				GCC_WARN_UNUSED_VARIABLE = YES;
				IPHONEOS_DEPLOYMENT_TARGET = 13.2;
				MTL_ENABLE_DEBUG_INFO = NO;
				MTL_FAST_MATH = YES;
				SDKROOT = iphoneos;
				SWIFT_COMPILATION_MODE = wholemodule;
				SWIFT_OPTIMIZATION_LEVEL = "-O";
				VALIDATE_PRODUCT = YES;
			};
			name = Release;
		};
		C275E646244F349700CB4AB4 /* Debug */ = {
			isa = XCBuildConfiguration;
			baseConfigurationReference = 0B8B8486DF94C83982A4270E /* Pods-DJAZE.debug.xcconfig */;
			buildSettings = {
				ASSETCATALOG_COMPILER_APPICON_NAME = AppIcon;
				CODE_SIGN_STYLE = Automatic;
				DEVELOPMENT_TEAM = F5D895GB5K;
				INFOPLIST_FILE = DJAZE/Info.plist;
				LD_RUNPATH_SEARCH_PATHS = (
					"$(inherited)",
					"@executable_path/Frameworks",
				);
				PRODUCT_BUNDLE_IDENTIFIER = com.DJAZE.DJAZE;
				PRODUCT_NAME = "$(TARGET_NAME)";
				SWIFT_VERSION = 5.0;
				TARGETED_DEVICE_FAMILY = "1,2";
			};
			name = Debug;
		};
		C275E647244F349700CB4AB4 /* Release */ = {
			isa = XCBuildConfiguration;
			baseConfigurationReference = 5BBDCAA1D54B1C14EF2A5602 /* Pods-DJAZE.release.xcconfig */;
			buildSettings = {
				ASSETCATALOG_COMPILER_APPICON_NAME = AppIcon;
				CODE_SIGN_STYLE = Automatic;
				DEVELOPMENT_TEAM = F5D895GB5K;
				INFOPLIST_FILE = DJAZE/Info.plist;
				LD_RUNPATH_SEARCH_PATHS = (
					"$(inherited)",
					"@executable_path/Frameworks",
				);
				PRODUCT_BUNDLE_IDENTIFIER = com.DJAZE.DJAZE;
				PRODUCT_NAME = "$(TARGET_NAME)";
				SWIFT_VERSION = 5.0;
				TARGETED_DEVICE_FAMILY = "1,2";
			};
			name = Release;
		};
/* End XCBuildConfiguration section */

/* Begin XCConfigurationList section */
		C275E62C244F349600CB4AB4 /* Build configuration list for PBXProject "DJAZE" */ = {
			isa = XCConfigurationList;
			buildConfigurations = (
				C275E643244F349700CB4AB4 /* Debug */,
				C275E644244F349700CB4AB4 /* Release */,
			);
			defaultConfigurationIsVisible = 0;
			defaultConfigurationName = Release;
		};
		C275E645244F349700CB4AB4 /* Build configuration list for PBXNativeTarget "DJAZE" */ = {
			isa = XCConfigurationList;
			buildConfigurations = (
				C275E646244F349700CB4AB4 /* Debug */,
				C275E647244F349700CB4AB4 /* Release */,
			);
			defaultConfigurationIsVisible = 0;
			defaultConfigurationName = Release;
		};
/* End XCConfigurationList section */
	};
	rootObject = C275E629244F349600CB4AB4 /* Project object */;
}
